// !$*UTF8*$!
{
	archiveVersion = 1;
	classes = {
	};
	objectVersion = 46;
	objects = {

/* Begin PBXBuildFile section */
		6918FF4F1C4F172A002D4D7A /* ColorWheel.swift in Sources */ = {isa = PBXBuildFile; fileRef = 6918FF4E1C4F172A002D4D7A /* ColorWheel.swift */; };
		69815F0D1C47770A005017FC /* FactBook.swift in Sources */ = {isa = PBXBuildFile; fileRef = 69815F0C1C47770A005017FC /* FactBook.swift */; };
		69FAC1281C3C2A9200C9A8D9 /* AppDelegate.swift in Sources */ = {isa = PBXBuildFile; fileRef = 69FAC1271C3C2A9200C9A8D9 /* AppDelegate.swift */; };
		69FAC12A1C3C2A9200C9A8D9 /* ViewController.swift in Sources */ = {isa = PBXBuildFile; fileRef = 69FAC1291C3C2A9200C9A8D9 /* ViewController.swift */; };
		69FAC12D1C3C2A9200C9A8D9 /* Main.storyboard in Resources */ = {isa = PBXBuildFile; fileRef = 69FAC12B1C3C2A9200C9A8D9 /* Main.storyboard */; };
		69FAC12F1C3C2A9200C9A8D9 /* Assets.xcassets in Resources */ = {isa = PBXBuildFile; fileRef = 69FAC12E1C3C2A9200C9A8D9 /* Assets.xcassets */; };
		69FAC1321C3C2A9200C9A8D9 /* LaunchScreen.storyboard in Resources */ = {isa = PBXBuildFile; fileRef = 69FAC1301C3C2A9200C9A8D9 /* LaunchScreen.storyboard */; };
		69FAC13D1C3C2A9300C9A8D9 /* FunFactsTests.swift in Sources */ = {isa = PBXBuildFile; fileRef = 69FAC13C1C3C2A9300C9A8D9 /* FunFactsTests.swift */; };
		69FAC1481C3C2A9300C9A8D9 /* FunFactsUITests.swift in Sources */ = {isa = PBXBuildFile; fileRef = 69FAC1471C3C2A9300C9A8D9 /* FunFactsUITests.swift */; };
/* End PBXBuildFile section */

/* Begin PBXContainerItemProxy section */
		69FAC1391C3C2A9300C9A8D9 /* PBXContainerItemProxy */ = {
			isa = PBXContainerItemProxy;
			containerPortal = 69FAC11C1C3C2A9200C9A8D9 /* Project object */;
			proxyType = 1;
			remoteGlobalIDString = 69FAC1231C3C2A9200C9A8D9;
			remoteInfo = FunFacts;
		};
		69FAC1441C3C2A9300C9A8D9 /* PBXContainerItemProxy */ = {
			isa = PBXContainerItemProxy;
			containerPortal = 69FAC11C1C3C2A9200C9A8D9 /* Project object */;
			proxyType = 1;
			remoteGlobalIDString = 69FAC1231C3C2A9200C9A8D9;
			remoteInfo = FunFacts;
		};
/* End PBXContainerItemProxy section */

/* Begin PBXFileReference section */
		6918FF4E1C4F172A002D4D7A /* ColorWheel.swift */ = {isa = PBXFileReference; fileEncoding = 4; lastKnownFileType = sourcecode.swift; path = ColorWheel.swift; sourceTree = "<group>"; };
		69815F0C1C47770A005017FC /* FactBook.swift */ = {isa = PBXFileReference; fileEncoding = 4; lastKnownFileType = sourcecode.swift; path = FactBook.swift; sourceTree = "<group>"; };
		69FAC1241C3C2A9200C9A8D9 /* FunFacts.app */ = {isa = PBXFileReference; explicitFileType = wrapper.application; includeInIndex = 0; path = FunFacts.app; sourceTree = BUILT_PRODUCTS_DIR; };
		69FAC1271C3C2A9200C9A8D9 /* AppDelegate.swift */ = {isa = PBXFileReference; lastKnownFileType = sourcecode.swift; path = AppDelegate.swift; sourceTree = "<group>"; };
		69FAC1291C3C2A9200C9A8D9 /* ViewController.swift */ = {isa = PBXFileReference; lastKnownFileType = sourcecode.swift; path = ViewController.swift; sourceTree = "<group>"; };
		69FAC12C1C3C2A9200C9A8D9 /* Base */ = {isa = PBXFileReference; lastKnownFileType = file.storyboard; name = Base; path = Base.lproj/Main.storyboard; sourceTree = "<group>"; };
		69FAC12E1C3C2A9200C9A8D9 /* Assets.xcassets */ = {isa = PBXFileReference; lastKnownFileType = folder.assetcatalog; path = Assets.xcassets; sourceTree = "<group>"; };
		69FAC1311C3C2A9200C9A8D9 /* Base */ = {isa = PBXFileReference; lastKnownFileType = file.storyboard; name = Base; path = Base.lproj/LaunchScreen.storyboard; sourceTree = "<group>"; };
		69FAC1331C3C2A9200C9A8D9 /* Info.plist */ = {isa = PBXFileReference; lastKnownFileType = text.plist.xml; path = Info.plist; sourceTree = "<group>"; };
		69FAC1381C3C2A9300C9A8D9 /* FunFactsTests.xctest */ = {isa = PBXFileReference; explicitFileType = wrapper.cfbundle; includeInIndex = 0; path = FunFactsTests.xctest; sourceTree = BUILT_PRODUCTS_DIR; };
		69FAC13C1C3C2A9300C9A8D9 /* FunFactsTests.swift */ = {isa = PBXFileReference; lastKnownFileType = sourcecode.swift; path = FunFactsTests.swift; sourceTree = "<group>"; };
		69FAC13E1C3C2A9300C9A8D9 /* Info.plist */ = {isa = PBXFileReference; lastKnownFileType = text.plist.xml; path = Info.plist; sourceTree = "<group>"; };
		69FAC1431C3C2A9300C9A8D9 /* FunFactsUITests.xctest */ = {isa = PBXFileReference; explicitFileType = wrapper.cfbundle; includeInIndex = 0; path = FunFactsUITests.xctest; sourceTree = BUILT_PRODUCTS_DIR; };
		69FAC1471C3C2A9300C9A8D9 /* FunFactsUITests.swift */ = {isa = PBXFileReference; lastKnownFileType = sourcecode.swift; path = FunFactsUITests.swift; sourceTree = "<group>"; };
		69FAC1491C3C2A9300C9A8D9 /* Info.plist */ = {isa = PBXFileReference; lastKnownFileType = text.plist.xml; path = Info.plist; sourceTree = "<group>"; };
/* End PBXFileReference section */

/* Begin PBXFrameworksBuildPhase section */
		69FAC1211C3C2A9200C9A8D9 /* Frameworks */ = {
			isa = PBXFrameworksBuildPhase;
			buildActionMask = 2147483647;
			files = (
			);
			runOnlyForDeploymentPostprocessing = 0;
		};
		69FAC1351C3C2A9300C9A8D9 /* Frameworks */ = {
			isa = PBXFrameworksBuildPhase;
			buildActionMask = 2147483647;
			files = (
			);
			runOnlyForDeploymentPostprocessing = 0;
		};
		69FAC1401C3C2A9300C9A8D9 /* Frameworks */ = {
			isa = PBXFrameworksBuildPhase;
			buildActionMask = 2147483647;
			files = (
			);
			runOnlyForDeploymentPostprocessing = 0;
		};
/* End PBXFrameworksBuildPhase section */

/* Begin PBXGroup section */
		69FAC11B1C3C2A9200C9A8D9 = {
			isa = PBXGroup;
			children = (
				69FAC1261C3C2A9200C9A8D9 /* FunFacts */,
				69FAC13B1C3C2A9300C9A8D9 /* FunFactsTests */,
				69FAC1461C3C2A9300C9A8D9 /* FunFactsUITests */,
				69FAC1251C3C2A9200C9A8D9 /* Products */,
			);
			sourceTree = "<group>";
		};
		69FAC1251C3C2A9200C9A8D9 /* Products */ = {
			isa = PBXGroup;
			children = (
				69FAC1241C3C2A9200C9A8D9 /* FunFacts.app */,
				69FAC1381C3C2A9300C9A8D9 /* FunFactsTests.xctest */,
				69FAC1431C3C2A9300C9A8D9 /* FunFactsUITests.xctest */,
			);
			name = Products;
			sourceTree = "<group>";
		};
		69FAC1261C3C2A9200C9A8D9 /* FunFacts */ = {
			isa = PBXGroup;
			children = (
				69815F0C1C47770A005017FC /* FactBook.swift */,
				69FAC1271C3C2A9200C9A8D9 /* AppDelegate.swift */,
				69FAC1291C3C2A9200C9A8D9 /* ViewController.swift */,
				69FAC12B1C3C2A9200C9A8D9 /* Main.storyboard */,
				69FAC12E1C3C2A9200C9A8D9 /* Assets.xcassets */,
				6918FF4E1C4F172A002D4D7A /* ColorWheel.swift */,
				69FAC1301C3C2A9200C9A8D9 /* LaunchScreen.storyboard */,
				69FAC1331C3C2A9200C9A8D9 /* Info.plist */,
			);
			path = FunFacts;
			sourceTree = "<group>";
		};
		69FAC13B1C3C2A9300C9A8D9 /* FunFactsTests */ = {
			isa = PBXGroup;
			children = (
				69FAC13C1C3C2A9300C9A8D9 /* FunFactsTests.swift */,
				69FAC13E1C3C2A9300C9A8D9 /* Info.plist */,
			);
			path = FunFactsTests;
			sourceTree = "<group>";
		};
		69FAC1461C3C2A9300C9A8D9 /* FunFactsUITests */ = {
			isa = PBXGroup;
			children = (
				69FAC1471C3C2A9300C9A8D9 /* FunFactsUITests.swift */,
				69FAC1491C3C2A9300C9A8D9 /* Info.plist */,
			);
			path = FunFactsUITests;
			sourceTree = "<group>";
		};
/* End PBXGroup section */

/* Begin PBXNativeTarget section */
		69FAC1231C3C2A9200C9A8D9 /* FunFacts */ = {
			isa = PBXNativeTarget;
			buildConfigurationList = 69FAC14C1C3C2A9300C9A8D9 /* Build configuration list for PBXNativeTarget "FunFacts" */;
			buildPhases = (
				69FAC1201C3C2A9200C9A8D9 /* Sources */,
				69FAC1211C3C2A9200C9A8D9 /* Frameworks */,
				69FAC1221C3C2A9200C9A8D9 /* Resources */,
			);
			buildRules = (
			);
			dependencies = (
			);
			name = FunFacts;
			productName = FunFacts;
			productReference = 69FAC1241C3C2A9200C9A8D9 /* FunFacts.app */;
			productType = "com.apple.product-type.application";
		};
		69FAC1371C3C2A9300C9A8D9 /* FunFactsTests */ = {
			isa = PBXNativeTarget;
			buildConfigurationList = 69FAC14F1C3C2A9300C9A8D9 /* Build configuration list for PBXNativeTarget "FunFactsTests" */;
			buildPhases = (
				69FAC1341C3C2A9300C9A8D9 /* Sources */,
				69FAC1351C3C2A9300C9A8D9 /* Frameworks */,
				69FAC1361C3C2A9300C9A8D9 /* Resources */,
			);
			buildRules = (
			);
			dependencies = (
				69FAC13A1C3C2A9300C9A8D9 /* PBXTargetDependency */,
			);
			name = FunFactsTests;
			productName = FunFactsTests;
			productReference = 69FAC1381C3C2A9300C9A8D9 /* FunFactsTests.xctest */;
			productType = "com.apple.product-type.bundle.unit-test";
		};
		69FAC1421C3C2A9300C9A8D9 /* FunFactsUITests */ = {
			isa = PBXNativeTarget;
			buildConfigurationList = 69FAC1521C3C2A9300C9A8D9 /* Build configuration list for PBXNativeTarget "FunFactsUITests" */;
			buildPhases = (
				69FAC13F1C3C2A9300C9A8D9 /* Sources */,
				69FAC1401C3C2A9300C9A8D9 /* Frameworks */,
				69FAC1411C3C2A9300C9A8D9 /* Resources */,
			);
			buildRules = (
			);
			dependencies = (
				69FAC1451C3C2A9300C9A8D9 /* PBXTargetDependency */,
			);
			name = FunFactsUITests;
			productName = FunFactsUITests;
			productReference = 69FAC1431C3C2A9300C9A8D9 /* FunFactsUITests.xctest */;
			productType = "com.apple.product-type.bundle.ui-testing";
		};
/* End PBXNativeTarget section */

/* Begin PBXProject section */
		69FAC11C1C3C2A9200C9A8D9 /* Project object */ = {
			isa = PBXProject;
			attributes = {
				LastSwiftUpdateCheck = 0720;
				LastUpgradeCheck = 0720;
				ORGANIZATIONNAME = "Eugene Skinner";
				TargetAttributes = {
					69FAC1231C3C2A9200C9A8D9 = {
						CreatedOnToolsVersion = 7.2;
						DevelopmentTeam = E22ZM5M8U2;
					};
					69FAC1371C3C2A9300C9A8D9 = {
						CreatedOnToolsVersion = 7.2;
						TestTargetID = 69FAC1231C3C2A9200C9A8D9;
					};
					69FAC1421C3C2A9300C9A8D9 = {
						CreatedOnToolsVersion = 7.2;
						TestTargetID = 69FAC1231C3C2A9200C9A8D9;
					};
				};
			};
			buildConfigurationList = 69FAC11F1C3C2A9200C9A8D9 /* Build configuration list for PBXProject "FunFacts" */;
			compatibilityVersion = "Xcode 3.2";
			developmentRegion = English;
			hasScannedForEncodings = 0;
			knownRegions = (
				en,
				Base,
			);
			mainGroup = 69FAC11B1C3C2A9200C9A8D9;
			productRefGroup = 69FAC1251C3C2A9200C9A8D9 /* Products */;
			projectDirPath = "";
			projectRoot = "";
			targets = (
				69FAC1231C3C2A9200C9A8D9 /* FunFacts */,
				69FAC1371C3C2A9300C9A8D9 /* FunFactsTests */,
				69FAC1421C3C2A9300C9A8D9 /* FunFactsUITests */,
			);
		};
/* End PBXProject section */

/* Begin PBXResourcesBuildPhase section */
		69FAC1221C3C2A9200C9A8D9 /* Resources */ = {
			isa = PBXResourcesBuildPhase;
			buildActionMask = 2147483647;
			files = (
				69FAC1321C3C2A9200C9A8D9 /* LaunchScreen.storyboard in Resources */,
				69FAC12F1C3C2A9200C9A8D9 /* Assets.xcassets in Resources */,
				69FAC12D1C3C2A9200C9A8D9 /* Main.storyboard in Resources */,
			);
			runOnlyForDeploymentPostprocessing = 0;
		};
		69FAC1361C3C2A9300C9A8D9 /* Resources */ = {
			isa = PBXResourcesBuildPhase;
			buildActionMask = 2147483647;
			files = (
			);
			runOnlyForDeploymentPostprocessing = 0;
		};
		69FAC1411C3C2A9300C9A8D9 /* Resources */ = {
			isa = PBXResourcesBuildPhase;
			buildActionMask = 2147483647;
			files = (
			);
			runOnlyForDeploymentPostprocessing = 0;
		};
/* End PBXResourcesBuildPhase section */

/* Begin PBXSourcesBuildPhase section */
		69FAC1201C3C2A9200C9A8D9 /* Sources */ = {
			isa = PBXSourcesBuildPhase;
			buildActionMask = 2147483647;
			files = (
				69815F0D1C47770A005017FC /* FactBook.swift in Sources */,
				69FAC12A1C3C2A9200C9A8D9 /* ViewController.swift in Sources */,
				69FAC1281C3C2A9200C9A8D9 /* AppDelegate.swift in Sources */,
				6918FF4F1C4F172A002D4D7A /* ColorWheel.swift in Sources */,
			);
			runOnlyForDeploymentPostprocessing = 0;
		};
		69FAC1341C3C2A9300C9A8D9 /* Sources */ = {
			isa = PBXSourcesBuildPhase;
			buildActionMask = 2147483647;
			files = (
				69FAC13D1C3C2A9300C9A8D9 /* FunFactsTests.swift in Sources */,
			);
			runOnlyForDeploymentPostprocessing = 0;
		};
		69FAC13F1C3C2A9300C9A8D9 /* Sources */ = {
			isa = PBXSourcesBuildPhase;
			buildActionMask = 2147483647;
			files = (
				69FAC1481C3C2A9300C9A8D9 /* FunFactsUITests.swift in Sources */,
			);
			runOnlyForDeploymentPostprocessing = 0;
		};
/* End PBXSourcesBuildPhase section */

/* Begin PBXTargetDependency section */
		69FAC13A1C3C2A9300C9A8D9 /* PBXTargetDependency */ = {
			isa = PBXTargetDependency;
			target = 69FAC1231C3C2A9200C9A8D9 /* FunFacts */;
			targetProxy = 69FAC1391C3C2A9300C9A8D9 /* PBXContainerItemProxy */;
		};
		69FAC1451C3C2A9300C9A8D9 /* PBXTargetDependency */ = {
			isa = PBXTargetDependency;
			target = 69FAC1231C3C2A9200C9A8D9 /* FunFacts */;
			targetProxy = 69FAC1441C3C2A9300C9A8D9 /* PBXContainerItemProxy */;
		};
/* End PBXTargetDependency section */

/* Begin PBXVariantGroup section */
		69FAC12B1C3C2A9200C9A8D9 /* Main.storyboard */ = {
			isa = PBXVariantGroup;
			children = (
				69FAC12C1C3C2A9200C9A8D9 /* Base */,
			);
			name = Main.storyboard;
			sourceTree = "<group>";
		};
		69FAC1301C3C2A9200C9A8D9 /* LaunchScreen.storyboard */ = {
			isa = PBXVariantGroup;
			children = (
				69FAC1311C3C2A9200C9A8D9 /* Base */,
			);
			name = LaunchScreen.storyboard;
			sourceTree = "<group>";
		};
/* End PBXVariantGroup section */

/* Begin XCBuildConfiguration section */
		69FAC14A1C3C2A9300C9A8D9 /* Debug */ = {
			isa = XCBuildConfiguration;
			buildSettings = {
				ALWAYS_SEARCH_USER_PATHS = NO;
				CLANG_CXX_LANGUAGE_STANDARD = "gnu++0x";
				CLANG_CXX_LIBRARY = "libc++";
				CLANG_ENABLE_MODULES = YES;
				CLANG_ENABLE_OBJC_ARC = YES;
				CLANG_WARN_BOOL_CONVERSION = YES;
				CLANG_WARN_CONSTANT_CONVERSION = YES;
				CLANG_WARN_DIRECT_OBJC_ISA_USAGE = YES_ERROR;
				CLANG_WARN_EMPTY_BODY = YES;
				CLANG_WARN_ENUM_CONVERSION = YES;
				CLANG_WARN_INT_CONVERSION = YES;
				CLANG_WARN_OBJC_ROOT_CLASS = YES_ERROR;
				CLANG_WARN_UNREACHABLE_CODE = YES;
				CLANG_WARN__DUPLICATE_METHOD_MATCH = YES;
				"CODE_SIGN_IDENTITY[sdk=iphoneos*]" = "iPhone Developer";
				COPY_PHASE_STRIP = NO;
				DEBUG_INFORMATION_FORMAT = dwarf;
				ENABLE_STRICT_OBJC_MSGSEND = YES;
				ENABLE_TESTABILITY = YES;
				GCC_C_LANGUAGE_STANDARD = gnu99;
				GCC_DYNAMIC_NO_PIC = NO;
				GCC_NO_COMMON_BLOCKS = YES;
				GCC_OPTIMIZATION_LEVEL = 0;
				GCC_PREPROCESSOR_DEFINITIONS = (
					"DEBUG=1",
					"$(inherited)",
				);
				GCC_WARN_64_TO_32_BIT_CONVERSION = YES;
				GCC_WARN_ABOUT_RETURN_TYPE = YES_ERROR;
				GCC_WARN_UNDECLARED_SELECTOR = YES;
				GCC_WARN_UNINITIALIZED_AUTOS = YES_AGGRESSIVE;
				GCC_WARN_UNUSED_FUNCTION = YES;
				GCC_WARN_UNUSED_VARIABLE = YES;
				IPHONEOS_DEPLOYMENT_TARGET = 9.2;
				MTL_ENABLE_DEBUG_INFO = YES;
				ONLY_ACTIVE_ARCH = YES;
				SDKROOT = iphoneos;
				SWIFT_OPTIMIZATION_LEVEL = "-Onone";
			};
			name = Debug;
		};
		69FAC14B1C3C2A9300C9A8D9 /* Release */ = {
			isa = XCBuildConfiguration;
			buildSettings = {
				ALWAYS_SEARCH_USER_PATHS = NO;
				CLANG_CXX_LANGUAGE_STANDARD = "gnu++0x";
				CLANG_CXX_LIBRARY = "libc++";
				CLANG_ENABLE_MODULES = YES;
				CLANG_ENABLE_OBJC_ARC = YES;
				CLANG_WARN_BOOL_CONVERSION = YES;
				CLANG_WARN_CONSTANT_CONVERSION = YES;
				CLANG_WARN_DIRECT_OBJC_ISA_USAGE = YES_ERROR;
				CLANG_WARN_EMPTY_BODY = YES;
				CLANG_WARN_ENUM_CONVERSION = YES;
				CLANG_WARN_INT_CONVERSION = YES;
				CLANG_WARN_OBJC_ROOT_CLASS = YES_ERROR;
				CLANG_WARN_UNREACHABLE_CODE = YES;
				CLANG_WARN__DUPLICATE_METHOD_MATCH = YES;
				"CODE_SIGN_IDENTITY[sdk=iphoneos*]" = "iPhone Developer";
				COPY_PHASE_STRIP = NO;
				DEBUG_INFORMATION_FORMAT = "dwarf-with-dsym";
				ENABLE_NS_ASSERTIONS = NO;
				ENABLE_STRICT_OBJC_MSGSEND = YES;
				GCC_C_LANGUAGE_STANDARD = gnu99;
				GCC_NO_COMMON_BLOCKS = YES;
				GCC_WARN_64_TO_32_BIT_CONVERSION = YES;
				GCC_WARN_ABOUT_RETURN_TYPE = YES_ERROR;
				GCC_WARN_UNDECLARED_SELECTOR = YES;
				GCC_WARN_UNINITIALIZED_AUTOS = YES_AGGRESSIVE;
				GCC_WARN_UNUSED_FUNCTION = YES;
				GCC_WARN_UNUSED_VARIABLE = YES;
				IPHONEOS_DEPLOYMENT_TARGET = 9.2;
				MTL_ENABLE_DEBUG_INFO = NO;
				SDKROOT = iphoneos;
				VALIDATE_PRODUCT = YES;
			};
			name = Release;
		};
		69FAC14D1C3C2A9300C9A8D9 /* Debug */ = {
			isa = XCBuildConfiguration;
			buildSettings = {
				ASSETCATALOG_COMPILER_APPICON_NAME = AppIcon;
				CODE_SIGN_IDENTITY = "iPhone Developer";
				"CODE_SIGN_IDENTITY[sdk=iphoneos*]" = "iPhone Developer";
				INFOPLIST_FILE = FunFacts/Info.plist;
				LD_RUNPATH_SEARCH_PATHS = "$(inherited) @executable_path/Frameworks";
				PRODUCT_BUNDLE_IDENTIFIER = com.yourcompany.FunFacts;
				PRODUCT_NAME = "$(TARGET_NAME)";
				PROVISIONING_PROFILE = "";
			};
			name = Debug;
		};
		69FAC14E1C3C2A9300C9A8D9 /* Release */ = {
			isa = XCBuildConfiguration;
			buildSettings = {
				ASSETCATALOG_COMPILER_APPICON_NAME = AppIcon;
				CODE_SIGN_IDENTITY = "iPhone Developer";
				"CODE_SIGN_IDENTITY[sdk=iphoneos*]" = "iPhone Developer";
				INFOPLIST_FILE = FunFacts/Info.plist;
				LD_RUNPATH_SEARCH_PATHS = "$(inherited) @executable_path/Frameworks";
				PRODUCT_BUNDLE_IDENTIFIER = com.yourcompany.FunFacts;
				PRODUCT_NAME = "$(TARGET_NAME)";
				PROVISIONING_PROFILE = "";
			};
			name = Release;
		};
		69FAC1501C3C2A9300C9A8D9 /* Debug */ = {
			isa = XCBuildConfiguration;
			buildSettings = {
				BUNDLE_LOADER = "$(TEST_HOST)";
				INFOPLIST_FILE = FunFactsTests/Info.plist;
				LD_RUNPATH_SEARCH_PATHS = "$(inherited) @executable_path/Frameworks @loader_path/Frameworks";
				PRODUCT_BUNDLE_IDENTIFIER = com.yourcompany.FunFactsTests;
				PRODUCT_NAME = "$(TARGET_NAME)";
				TEST_HOST = "$(BUILT_PRODUCTS_DIR)/FunFacts.app/FunFacts";
			};
			name = Debug;
		};
		69FAC1511C3C2A9300C9A8D9 /* Release */ = {
			isa = XCBuildConfiguration;
			buildSettings = {
				BUNDLE_LOADER = "$(TEST_HOST)";
				INFOPLIST_FILE = FunFactsTests/Info.plist;
				LD_RUNPATH_SEARCH_PATHS = "$(inherited) @executable_path/Frameworks @loader_path/Frameworks";
				PRODUCT_BUNDLE_IDENTIFIER = com.yourcompany.FunFactsTests;
				PRODUCT_NAME = "$(TARGET_NAME)";
				TEST_HOST = "$(BUILT_PRODUCTS_DIR)/FunFacts.app/FunFacts";
			};
			name = Release;
		};
		69FAC1531C3C2A9300C9A8D9 /* Debug */ = {
			isa = XCBuildConfiguration;
			buildSettings = {
				INFOPLIST_FILE = FunFactsUITests/Info.plist;
				LD_RUNPATH_SEARCH_PATHS = "$(inherited) @executable_path/Frameworks @loader_path/Frameworks";
				PRODUCT_BUNDLE_IDENTIFIER = com.yourcompany.FunFactsUITests;
				PRODUCT_NAME = "$(TARGET_NAME)";
				TEST_TARGET_NAME = FunFacts;
				USES_XCTRUNNER = YES;
			};
			name = Debug;
		};
		69FAC1541C3C2A9300C9A8D9 /* Release */ = {
			isa = XCBuildConfiguration;
			buildSettings = {
				INFOPLIST_FILE = FunFactsUITests/Info.plist;
				LD_RUNPATH_SEARCH_PATHS = "$(inherited) @executable_path/Frameworks @loader_path/Frameworks";
				PRODUCT_BUNDLE_IDENTIFIER = com.yourcompany.FunFactsUITests;
				PRODUCT_NAME = "$(TARGET_NAME)";
				TEST_TARGET_NAME = FunFacts;
				USES_XCTRUNNER = YES;
			};
			name = Release;
		};
/* End XCBuildConfiguration section */

/* Begin XCConfigurationList section */
		69FAC11F1C3C2A9200C9A8D9 /* Build configuration list for PBXProject "FunFacts" */ = {
			isa = XCConfigurationList;
			buildConfigurations = (
				69FAC14A1C3C2A9300C9A8D9 /* Debug */,
				69FAC14B1C3C2A9300C9A8D9 /* Release */,
			);
			defaultConfigurationIsVisible = 0;
			defaultConfigurationName = Release;
		};
		69FAC14C1C3C2A9300C9A8D9 /* Build configuration list for PBXNativeTarget "FunFacts" */ = {
			isa = XCConfigurationList;
			buildConfigurations = (
				69FAC14D1C3C2A9300C9A8D9 /* Debug */,
				69FAC14E1C3C2A9300C9A8D9 /* Release */,
			);
			defaultConfigurationIsVisible = 0;
			defaultConfigurationName = Release;
		};
		69FAC14F1C3C2A9300C9A8D9 /* Build configuration list for PBXNativeTarget "FunFactsTests" */ = {
			isa = XCConfigurationList;
			buildConfigurations = (
				69FAC1501C3C2A9300C9A8D9 /* Debug */,
				69FAC1511C3C2A9300C9A8D9 /* Release */,
			);
			defaultConfigurationIsVisible = 0;
			defaultConfigurationName = Release;
		};
		69FAC1521C3C2A9300C9A8D9 /* Build configuration list for PBXNativeTarget "FunFactsUITests" */ = {
			isa = XCConfigurationList;
			buildConfigurations = (
				69FAC1531C3C2A9300C9A8D9 /* Debug */,
				69FAC1541C3C2A9300C9A8D9 /* Release */,
			);
			defaultConfigurationIsVisible = 0;
			defaultConfigurationName = Release;
		};
/* End XCConfigurationList section */
	};
	rootObject = 69FAC11C1C3C2A9200C9A8D9 /* Project object */;
}
